
Microsoft Visual Studio Solution File, Format Version 12.00
# Visual Studio Version 17
VisualStudioVersion = 17.12.35424.110 d17.12
MinimumVisualStudioVersion = 10.0.40219.1
Project("{FAE04EC0-301F-11D3-BF4B-00C04F79EFBC}") = "Tumakov", "Tumakov\Tumakov.csproj", "{50F9DC86-8E2B-4E60-84EF-5A178120D3CB}"
EndProject
Project("{FAE04EC0-301F-11D3-BF4B-00C04F79EFBC}") = "File", "File\File.csproj", "{6B1E76BD-1A83-41EA-B747-4225BF7708BB}"
EndProject
Global
	GlobalSection(SolutionConfigurationPlatforms) = preSolution
		Debug|Any CPU = Debug|Any CPU
		Release|Any CPU = Release|Any CPU
	EndGlobalSection
	GlobalSection(ProjectConfigurationPlatforms) = postSolution
		{50F9DC86-8E2B-4E60-84EF-5A178120D3CB}.Debug|Any CPU.ActiveCfg = Debug|Any CPU
		{50F9DC86-8E2B-4E60-84EF-5A178120D3CB}.Debug|Any CPU.Build.0 = Debug|Any CPU
		{50F9DC86-8E2B-4E60-84EF-5A178120D3CB}.Release|Any CPU.ActiveCfg = Release|Any CPU
		{50F9DC86-8E2B-4E60-84EF-5A178120D3CB}.Release|Any CPU.Build.0 = Release|Any CPU
		{6B1E76BD-1A83-41EA-B747-4225BF7708BB}.Debug|Any CPU.ActiveCfg = Debug|Any CPU
		{6B1E76BD-1A83-41EA-B747-4225BF7708BB}.Debug|Any CPU.Build.0 = Debug|Any CPU
		{6B1E76BD-1A83-41EA-B747-4225BF7708BB}.Release|Any CPU.ActiveCfg = Release|Any CPU
		{6B1E76BD-1A83-41EA-B747-4225BF7708BB}.Release|Any CPU.Build.0 = Release|Any CPU
	EndGlobalSection
	GlobalSection(SolutionProperties) = preSolution
		HideSolutionNode = FALSE
	EndGlobalSection
EndGlobal
